
Microsoft Visual Studio Solution File, Format Version 12.00
# Visual Studio Version 17
VisualStudioVersion = 17.13.35806.99
MinimumVisualStudioVersion = 10.0.40219.1
Project("{888888A0-9F3D-457C-B088-3A5042F75D52}") = "BFS", "BFS\BFS.pyproj", "{0972BCEE-B010-4189-8BAB-A1D56D18D74D}"
EndProject
Project("{888888A0-9F3D-457C-B088-3A5042F75D52}") = "ASearch", "ASearch\ASearch.pyproj", "{315C7189-C1F0-427D-AD42-692CA29D5281}"
EndProject
Global
	GlobalSection(SolutionConfigurationPlatforms) = preSolution
		Debug|Any CPU = Debug|Any CPU
		Release|Any CPU = Release|Any CPU
	EndGlobalSection
	GlobalSection(ProjectConfigurationPlatforms) = postSolution
		{0972BCEE-B010-4189-8BAB-A1D56D18D74D}.Debug|Any CPU.ActiveCfg = Debug|Any CPU
		{0972BCEE-B010-4189-8BAB-A1D56D18D74D}.Release|Any CPU.ActiveCfg = Release|Any CPU
		{315C7189-C1F0-427D-AD42-692CA29D5281}.Debug|Any CPU.ActiveCfg = Debug|Any CPU
		{315C7189-C1F0-427D-AD42-692CA29D5281}.Release|Any CPU.ActiveCfg = Release|Any CPU
	EndGlobalSection
	GlobalSection(SolutionProperties) = preSolution
		HideSolutionNode = FALSE
	EndGlobalSection
	GlobalSection(ExtensibilityGlobals) = postSolution
		SolutionGuid = {BB4B776D-5A61-41B4-A599-9C3E372CC10B}
	EndGlobalSection
EndGlobal
